
Microsoft Visual Studio Solution File, Format Version 12.00
# Visual Studio Version 17
VisualStudioVersion = 17.12.35527.113
MinimumVisualStudioVersion = 10.0.40219.1
Project("{2150E333-8FDC-42A3-9474-1A3956D46DE8}") = "src", "src", "{2DB78956-A89F-4681-B081-CDD1FF6A7EBA}"
EndProject
Project("{2150E333-8FDC-42A3-9474-1A3956D46DE8}") = "tests", "tests", "{8EB0B281-C0CD-4DD8-ADA2-7BD0DFA26A31}"
EndProject
Project("{2150E333-8FDC-42A3-9474-1A3956D46DE8}") = "Backend", "Backend", "{E2EBB6CF-3D8C-4068-A36A-70D611124C82}"
EndProject
Project("{2150E333-8FDC-42A3-9474-1A3956D46DE8}") = "Shared", "Shared", "{CC461C21-40A6-44B9-B013-2A42AC6D7720}"
EndProject
Project("{FAE04EC0-301F-11D3-BF4B-00C04F79EFBC}") = "MyRecipeBook.Application", "src\Backend\MyRecipeBook.Application\MyRecipeBook.Application.csproj", "{D81485A5-963F-4778-86EB-79B9C994F451}"
EndProject
Project("{FAE04EC0-301F-11D3-BF4B-00C04F79EFBC}") = "MyRecipeBook.API", "src\Backend\MyRecipeBook.API\MyRecipeBook.API.csproj", "{DB79B4F6-7E4D-4FEE-947E-D0B3EEC6A6FE}"
EndProject
Project("{FAE04EC0-301F-11D3-BF4B-00C04F79EFBC}") = "MyRecipeBook.Domain", "src\Backend\MyRecipeBook.Domain\MyRecipeBook.Domain.csproj", "{0D7CD5EB-510B-4C4D-9ED9-BC76E95BD6C1}"
EndProject
Project("{FAE04EC0-301F-11D3-BF4B-00C04F79EFBC}") = "MyRecipeBook.Infraestructure", "src\Backend\MyRecipeBook.Infraestructure\MyRecipeBook.Infraestructure.csproj", "{D9370B2B-B94A-4492-9A11-7CE88CF0C099}"
EndProject
Project("{FAE04EC0-301F-11D3-BF4B-00C04F79EFBC}") = "MyRecipeBook.Communication", "src\Shared\MyRecipeBook.Communication\MyRecipeBook.Communication.csproj", "{4D3740BF-E7CB-4EA0-A9D2-6D8F14A357AC}"
EndProject
Project("{FAE04EC0-301F-11D3-BF4B-00C04F79EFBC}") = "MyRecipeBook.Exceptions", "src\Shared\MyRecipeBook.Exceptions\MyRecipeBook.Exceptions.csproj", "{4D5B29F0-E652-4715-A81D-239099BCD172}"
EndProject
Project("{FAE04EC0-301F-11D3-BF4B-00C04F79EFBC}") = "CommonTestUtilities", "tests\CommonTestUtilities\CommonTestUtilities.csproj", "{B1F69372-E11E-42AC-A9ED-944CFFFDE4DE}"
EndProject
Project("{FAE04EC0-301F-11D3-BF4B-00C04F79EFBC}") = "Validator.Test", "tests\Validator.Test\Validator.Test.csproj", "{AA96EA49-4F5C-4755-9F10-1494CD6A6DE8}"
	ProjectSection(ProjectDependencies) = postProject
		{D81485A5-963F-4778-86EB-79B9C994F451} = {D81485A5-963F-4778-86EB-79B9C994F451}
	EndProjectSection
EndProject
Project("{FAE04EC0-301F-11D3-BF4B-00C04F79EFBC}") = "UseCases.Test", "tests\UseCases.Test\UseCases.Test.csproj", "{7425E475-795B-41C1-A48A-370E96FD4E86}"
EndProject
Project("{FAE04EC0-301F-11D3-BF4B-00C04F79EFBC}") = "WebApi.Test", "tests\WebApi.Test\WebApi.Test.csproj", "{9CA81184-9928-49A4-8665-E91E13EB8140}"
EndProject
Global
	GlobalSection(SolutionConfigurationPlatforms) = preSolution
		Debug|Any CPU = Debug|Any CPU
		Release|Any CPU = Release|Any CPU
	EndGlobalSection
	GlobalSection(ProjectConfigurationPlatforms) = postSolution
		{D81485A5-963F-4778-86EB-79B9C994F451}.Debug|Any CPU.ActiveCfg = Debug|Any CPU
		{D81485A5-963F-4778-86EB-79B9C994F451}.Debug|Any CPU.Build.0 = Debug|Any CPU
		{D81485A5-963F-4778-86EB-79B9C994F451}.Release|Any CPU.ActiveCfg = Release|Any CPU
		{D81485A5-963F-4778-86EB-79B9C994F451}.Release|Any CPU.Build.0 = Release|Any CPU
		{DB79B4F6-7E4D-4FEE-947E-D0B3EEC6A6FE}.Debug|Any CPU.ActiveCfg = Debug|Any CPU
		{DB79B4F6-7E4D-4FEE-947E-D0B3EEC6A6FE}.Debug|Any CPU.Build.0 = Debug|Any CPU
		{DB79B4F6-7E4D-4FEE-947E-D0B3EEC6A6FE}.Release|Any CPU.ActiveCfg = Release|Any CPU
		{DB79B4F6-7E4D-4FEE-947E-D0B3EEC6A6FE}.Release|Any CPU.Build.0 = Release|Any CPU
		{0D7CD5EB-510B-4C4D-9ED9-BC76E95BD6C1}.Debug|Any CPU.ActiveCfg = Debug|Any CPU
		{0D7CD5EB-510B-4C4D-9ED9-BC76E95BD6C1}.Debug|Any CPU.Build.0 = Debug|Any CPU
		{0D7CD5EB-510B-4C4D-9ED9-BC76E95BD6C1}.Release|Any CPU.ActiveCfg = Release|Any CPU
		{0D7CD5EB-510B-4C4D-9ED9-BC76E95BD6C1}.Release|Any CPU.Build.0 = Release|Any CPU
		{D9370B2B-B94A-4492-9A11-7CE88CF0C099}.Debug|Any CPU.ActiveCfg = Debug|Any CPU
		{D9370B2B-B94A-4492-9A11-7CE88CF0C099}.Debug|Any CPU.Build.0 = Debug|Any CPU
		{D9370B2B-B94A-4492-9A11-7CE88CF0C099}.Release|Any CPU.ActiveCfg = Release|Any CPU
		{D9370B2B-B94A-4492-9A11-7CE88CF0C099}.Release|Any CPU.Build.0 = Release|Any CPU
		{4D3740BF-E7CB-4EA0-A9D2-6D8F14A357AC}.Debug|Any CPU.ActiveCfg = Debug|Any CPU
		{4D3740BF-E7CB-4EA0-A9D2-6D8F14A357AC}.Debug|Any CPU.Build.0 = Debug|Any CPU
		{4D3740BF-E7CB-4EA0-A9D2-6D8F14A357AC}.Release|Any CPU.ActiveCfg = Release|Any CPU
		{4D3740BF-E7CB-4EA0-A9D2-6D8F14A357AC}.Release|Any CPU.Build.0 = Release|Any CPU
		{4D5B29F0-E652-4715-A81D-239099BCD172}.Debug|Any CPU.ActiveCfg = Debug|Any CPU
		{4D5B29F0-E652-4715-A81D-239099BCD172}.Debug|Any CPU.Build.0 = Debug|Any CPU
		{4D5B29F0-E652-4715-A81D-239099BCD172}.Release|Any CPU.ActiveCfg = Release|Any CPU
		{4D5B29F0-E652-4715-A81D-239099BCD172}.Release|Any CPU.Build.0 = Release|Any CPU
		{B1F69372-E11E-42AC-A9ED-944CFFFDE4DE}.Debug|Any CPU.ActiveCfg = Debug|Any CPU
		{B1F69372-E11E-42AC-A9ED-944CFFFDE4DE}.Debug|Any CPU.Build.0 = Debug|Any CPU
		{B1F69372-E11E-42AC-A9ED-944CFFFDE4DE}.Release|Any CPU.ActiveCfg = Release|Any CPU
		{B1F69372-E11E-42AC-A9ED-944CFFFDE4DE}.Release|Any CPU.Build.0 = Release|Any CPU
		{AA96EA49-4F5C-4755-9F10-1494CD6A6DE8}.Debug|Any CPU.ActiveCfg = Debug|Any CPU
		{AA96EA49-4F5C-4755-9F10-1494CD6A6DE8}.Debug|Any CPU.Build.0 = Debug|Any CPU
		{AA96EA49-4F5C-4755-9F10-1494CD6A6DE8}.Release|Any CPU.ActiveCfg = Release|Any CPU
		{AA96EA49-4F5C-4755-9F10-1494CD6A6DE8}.Release|Any CPU.Build.0 = Release|Any CPU
		{7425E475-795B-41C1-A48A-370E96FD4E86}.Debug|Any CPU.ActiveCfg = Debug|Any CPU
		{7425E475-795B-41C1-A48A-370E96FD4E86}.Debug|Any CPU.Build.0 = Debug|Any CPU
		{7425E475-795B-41C1-A48A-370E96FD4E86}.Release|Any CPU.ActiveCfg = Release|Any CPU
		{7425E475-795B-41C1-A48A-370E96FD4E86}.Release|Any CPU.Build.0 = Release|Any CPU
		{9CA81184-9928-49A4-8665-E91E13EB8140}.Debug|Any CPU.ActiveCfg = Debug|Any CPU
		{9CA81184-9928-49A4-8665-E91E13EB8140}.Debug|Any CPU.Build.0 = Debug|Any CPU
		{9CA81184-9928-49A4-8665-E91E13EB8140}.Release|Any CPU.ActiveCfg = Release|Any CPU
		{9CA81184-9928-49A4-8665-E91E13EB8140}.Release|Any CPU.Build.0 = Release|Any CPU
	EndGlobalSection
	GlobalSection(SolutionProperties) = preSolution
		HideSolutionNode = FALSE
	EndGlobalSection
	GlobalSection(NestedProjects) = preSolution
		{E2EBB6CF-3D8C-4068-A36A-70D611124C82} = {2DB78956-A89F-4681-B081-CDD1FF6A7EBA}
		{CC461C21-40A6-44B9-B013-2A42AC6D7720} = {2DB78956-A89F-4681-B081-CDD1FF6A7EBA}
		{D81485A5-963F-4778-86EB-79B9C994F451} = {E2EBB6CF-3D8C-4068-A36A-70D611124C82}
		{DB79B4F6-7E4D-4FEE-947E-D0B3EEC6A6FE} = {E2EBB6CF-3D8C-4068-A36A-70D611124C82}
		{0D7CD5EB-510B-4C4D-9ED9-BC76E95BD6C1} = {E2EBB6CF-3D8C-4068-A36A-70D611124C82}
		{D9370B2B-B94A-4492-9A11-7CE88CF0C099} = {E2EBB6CF-3D8C-4068-A36A-70D611124C82}
		{4D3740BF-E7CB-4EA0-A9D2-6D8F14A357AC} = {CC461C21-40A6-44B9-B013-2A42AC6D7720}
		{4D5B29F0-E652-4715-A81D-239099BCD172} = {CC461C21-40A6-44B9-B013-2A42AC6D7720}
		{B1F69372-E11E-42AC-A9ED-944CFFFDE4DE} = {8EB0B281-C0CD-4DD8-ADA2-7BD0DFA26A31}
		{AA96EA49-4F5C-4755-9F10-1494CD6A6DE8} = {8EB0B281-C0CD-4DD8-ADA2-7BD0DFA26A31}
		{7425E475-795B-41C1-A48A-370E96FD4E86} = {8EB0B281-C0CD-4DD8-ADA2-7BD0DFA26A31}
		{9CA81184-9928-49A4-8665-E91E13EB8140} = {8EB0B281-C0CD-4DD8-ADA2-7BD0DFA26A31}
	EndGlobalSection
EndGlobal
